PODS:
  - BigInt (3.0.1):
    - SipHash (~> 1.2)
  - SipHash (1.2.0)

DEPENDENCIES:
  - BigInt (~> 3.0)

SPEC REPOS:
  https://github.com/CocoaPods/Specs.git:
    - BigInt
    - SipHash

SPEC CHECKSUMS:
  BigInt: 8e8a52161c745cd3ab78e3dc346a9fbee51e6cf6
  SipHash: c6e9e43e9c531b5bc6602545130c26194a6d31ce

PODFILE CHECKSUM: e08e0863c4d2e9c6216abc23e523b75b07b728ad

COCOAPODS: 1.5.0
